<?xml version="1.0" encoding="utf-8"?>
<Project ToolsVersion="4.0" xmlns="http://schemas.microsoft.com/developer/msbuild/2003">
  <ItemGroup>
    <Filter Include="Archivos de origen">
      <UniqueIdentifier>{4FC737F1-C7A5-4376-A066-2A32D752A2FF}</UniqueIdentifier>
      <Extensions>cpp;c;cc;cxx;c++;cppm;ixx;def;odl;idl;hpj;bat;asm;asmx</Extensions>
    </Filter>
    <Filter Include="Archivos de encabezado">
      <UniqueIdentifier>{93995380-89BD-4b04-88EB-625FBE52EBFB}</UniqueIdentifier>
      <Extensions>h;hh;hpp;hxx;h++;hm;inl;inc;ipp;xsd</Extensions>
    </Filter>
    <Filter Include="Archivos de recursos">
      <UniqueIdentifier>{67DA6AB6-F800-4c08-8B7A-83BB121AAD01}</UniqueIdentifier>
      <Extensions>rc;ico;cur;bmp;dlg;rc2;rct;bin;rgs;gif;jpg;jpeg;jpe;resx;tiff;tif;png;wav;mfcribbon-ms</Extensions>
    </Filter>
    <Filter Include="Archivos de encabezado\GameObjects">
      <UniqueIdentifier>{0beab093-1d95-4c9c-b4f1-70484d51d2e7}</UniqueIdentifier>
    </Filter>
    <Filter Include="Archivos de encabezado\GameStates">
      <UniqueIdentifier>{f6d90324-6cb4-4460-b5be-d9b7cc780777}</UniqueIdentifier>
    </Filter>
    <Filter Include="Archivos de encabezado\Auxiliares">
      <UniqueIdentifier>{7fb4cd25-31bd-4b31-9cd6-34368a8f45bb}</UniqueIdentifier>
    </Filter>
    <Filter Include="Archivos de origen\GameObjects">
      <UniqueIdentifier>{af3f8f0a-5982-4854-8a09-6b91211d6e0f}</UniqueIdentifier>
    </Filter>
    <Filter Include="Archivos de origen\GameStates">
      <UniqueIdentifier>{d7bd5a2d-97ff-4c52-8eb5-a170ac913787}</UniqueIdentifier>
    </Filter>
  </ItemGroup>
  <ItemGroup>
    <ClCompile Include="Practica_1_TPV.cpp">
      <Filter>Archivos de origen</Filter>
    </ClCompile>
    <ClCompile Include="texture.cpp">
      <Filter>Archivos de origen</Filter>
    </ClCompile>
    <ClCompile Include="InfoBar.cpp">
      <Filter>Archivos de origen</Filter>
    </ClCompile>
    <ClCompile Include="Mothership.cpp">
      <Filter>Archivos de origen</Filter>
    </ClCompile>
    <ClCompile Include="SceneObject.cpp">
      <Filter>Archivos de origen</Filter>
    </ClCompile>
    <ClCompile Include="Game.cpp">
      <Filter>Archivos de origen</Filter>
    </ClCompile>
    <ClCompile Include="GameObject.cpp">
      <Filter>Archivos de origen</Filter>
    </ClCompile>
    <ClCompile Include="Button.cpp">
      <Filter>Archivos de origen</Filter>
    </ClCompile>
    <ClCompile Include="Alien.cpp">
      <Filter>Archivos de origen\GameObjects</Filter>
    </ClCompile>
    <ClCompile Include="Bunker.cpp">
      <Filter>Archivos de origen\GameObjects</Filter>
    </ClCompile>
    <ClCompile Include="Cannon.cpp">
      <Filter>Archivos de origen\GameObjects</Filter>
    </ClCompile>
    <ClCompile Include="Laser.cpp">
      <Filter>Archivos de origen\GameObjects</Filter>
    </ClCompile>
    <ClCompile Include="ShooterAlien.cpp">
      <Filter>Archivos de origen\GameObjects</Filter>
    </ClCompile>
    <ClCompile Include="Ufo.cpp">
      <Filter>Archivos de origen\GameObjects</Filter>
    </ClCompile>
    <ClCompile Include="GameState.cpp">
      <Filter>Archivos de origen\GameStates</Filter>
    </ClCompile>
    <ClCompile Include="PlayState.cpp">
      <Filter>Archivos de origen\GameStates</Filter>
    </ClCompile>
    <ClCompile Include="GameStateMachine.cpp">
      <Filter>Archivos de origen</Filter>
    </ClCompile>
    <ClCompile Include="MainMenuState.cpp">
      <Filter>Archivos de origen\GameStates</Filter>
    </ClCompile>
    <ClCompile Include="PauseState.cpp">
      <Filter>Archivos de origen\GameStates</Filter>
    </ClCompile>
    <ClCompile Include="EndState.cpp">
      <Filter>Archivos de origen\GameStates</Filter>
    </ClCompile>
    <ClCompile Include="Reward.cpp">
      <Filter>Archivos de origen</Filter>
    </ClCompile>
    <ClCompile Include="Bomb.cpp">
      <Filter>Archivos de origen</Filter>
    </ClCompile>
  </ItemGroup>
  <ItemGroup>
    <ClInclude Include="InfoBar.h">
      <Filter>Archivos de encabezado</Filter>
    </ClInclude>
    <ClInclude Include="GameObject.h">
      <Filter>Archivos de encabezado</Filter>
    </ClInclude>
    <ClInclude Include="SceneObject.h">
      <Filter>Archivos de encabezado</Filter>
    </ClInclude>
    <ClInclude Include="Mothership.h">
      <Filter>Archivos de encabezado</Filter>
    </ClInclude>
    <ClInclude Include="EventHandler.h">
      <Filter>Archivos de encabezado</Filter>
    </ClInclude>
    <ClInclude Include="Game.h">
      <Filter>Archivos de encabezado</Filter>
    </ClInclude>
    <ClInclude Include="GameStateMachine.h">
      <Filter>Archivos de encabezado</Filter>
    </ClInclude>
    <ClInclude Include="Button.h">
      <Filter>Archivos de encabezado</Filter>
    </ClInclude>
    <ClInclude Include="Alien.h">
      <Filter>Archivos de encabezado\GameObjects</Filter>
    </ClInclude>
    <ClInclude Include="Bunker.h">
      <Filter>Archivos de encabezado\GameObjects</Filter>
    </ClInclude>
    <ClInclude Include="Cannon.h">
      <Filter>Archivos de encabezado\GameObjects</Filter>
    </ClInclude>
    <ClInclude Include="Laser.h">
      <Filter>Archivos de encabezado\GameObjects</Filter>
    </ClInclude>
    <ClInclude Include="Ufo.h">
      <Filter>Archivos de encabezado\GameObjects</Filter>
    </ClInclude>
    <ClInclude Include="GameState.h">
      <Filter>Archivos de encabezado\GameStates</Filter>
    </ClInclude>
    <ClInclude Include="EndState.h">
      <Filter>Archivos de encabezado\GameStates</Filter>
    </ClInclude>
    <ClInclude Include="MainMenuState.h">
      <Filter>Archivos de encabezado\GameStates</Filter>
    </ClInclude>
    <ClInclude Include="PlayState.h">
      <Filter>Archivos de encabezado\GameStates</Filter>
    </ClInclude>
    <ClInclude Include="PauseState.h">
      <Filter>Archivos de encabezado\GameStates</Filter>
    </ClInclude>
    <ClInclude Include="texture.h">
      <Filter>Archivos de encabezado\Auxiliares</Filter>
    </ClInclude>
    <ClInclude Include="gameList.h">
      <Filter>Archivos de encabezado\Auxiliares</Filter>
    </ClInclude>
    <ClInclude Include="Vector2D.h">
      <Filter>Archivos de encabezado\Auxiliares</Filter>
    </ClInclude>
    <ClInclude Include="..\Hoja3SDL_ejercicio3\checkML.h">
      <Filter>Archivos de encabezado\Auxiliares</Filter>
    </ClInclude>
    <ClInclude Include="ShooterAlien.h">
      <Filter>Archivos de encabezado\GameObjects</Filter>
    </ClInclude>
    <ClInclude Include="InvadersError.h">
      <Filter>Archivos de encabezado\Auxiliares</Filter>
    </ClInclude>
    <ClInclude Include="Reward.h">
      <Filter>Archivos de encabezado</Filter>
    </ClInclude>
    <ClInclude Include="Bomb.h">
      <Filter>Archivos de encabezado</Filter>
    </ClInclude>
  </ItemGroup>
</Project>